
Microsoft Visual Studio Solution File, Format Version 12.00
# Visual Studio Version 16
VisualStudioVersion = 16.0.29728.190
MinimumVisualStudioVersion = 10.0.40219.1
Project("{FAE04EC0-301F-11D3-BF4B-00C04F79EFBC}") = "Ejercicio9", "Ejercicio9.csproj", "{A19F06A4-19EA-44B9-8449-AE8AF196E126}"
EndProject
Global
	GlobalSection(SolutionConfigurationPlatforms) = preSolution
		Debug|Any CPU = Debug|Any CPU
		Release|Any CPU = Release|Any CPU
	EndGlobalSection
	GlobalSection(ProjectConfigurationPlatforms) = postSolution
		{A19F06A4-19EA-44B9-8449-AE8AF196E126}.Debug|Any CPU.ActiveCfg = Debug|Any CPU
		{A19F06A4-19EA-44B9-8449-AE8AF196E126}.Debug|Any CPU.Build.0 = Debug|Any CPU
		{A19F06A4-19EA-44B9-8449-AE8AF196E126}.Release|Any CPU.ActiveCfg = Release|Any CPU
		{A19F06A4-19EA-44B9-8449-AE8AF196E126}.Release|Any CPU.Build.0 = Release|Any CPU
	EndGlobalSection
	GlobalSection(SolutionProperties) = preSolution
		HideSolutionNode = FALSE
	EndGlobalSection
	GlobalSection(ExtensibilityGlobals) = postSolution
		SolutionGuid = {49BFE596-4E63-44C2-B957-6328AB657729}
	EndGlobalSection
EndGlobal
