
Microsoft Visual Studio Solution File, Format Version 12.00
# Visual Studio Version 16
VisualStudioVersion = 16.0.29728.190
MinimumVisualStudioVersion = 10.0.40219.1
Project("{FAE04EC0-301F-11D3-BF4B-00C04F79EFBC}") = "Ejercicio15", "Ejercicio15.csproj", "{C6DFF8BE-6F10-4C17-A675-088820DE9233}"
EndProject
Global
	GlobalSection(SolutionConfigurationPlatforms) = preSolution
		Debug|Any CPU = Debug|Any CPU
		Release|Any CPU = Release|Any CPU
	EndGlobalSection
	GlobalSection(ProjectConfigurationPlatforms) = postSolution
		{C6DFF8BE-6F10-4C17-A675-088820DE9233}.Debug|Any CPU.ActiveCfg = Debug|Any CPU
		{C6DFF8BE-6F10-4C17-A675-088820DE9233}.Debug|Any CPU.Build.0 = Debug|Any CPU
		{C6DFF8BE-6F10-4C17-A675-088820DE9233}.Release|Any CPU.ActiveCfg = Release|Any CPU
		{C6DFF8BE-6F10-4C17-A675-088820DE9233}.Release|Any CPU.Build.0 = Release|Any CPU
	EndGlobalSection
	GlobalSection(SolutionProperties) = preSolution
		HideSolutionNode = FALSE
	EndGlobalSection
	GlobalSection(ExtensibilityGlobals) = postSolution
		SolutionGuid = {FB802602-AAA6-4912-BFB3-136B9B911574}
	EndGlobalSection
EndGlobal
