
Microsoft Visual Studio Solution File, Format Version 12.00
# Visual Studio Version 16
VisualStudioVersion = 16.0.29728.190
MinimumVisualStudioVersion = 10.0.40219.1
Project("{FAE04EC0-301F-11D3-BF4B-00C04F79EFBC}") = "Tarea4", "Tarea4.csproj", "{1253D396-2707-4927-AF07-3C76D8B6F96A}"
EndProject
Global
	GlobalSection(SolutionConfigurationPlatforms) = preSolution
		Debug|Any CPU = Debug|Any CPU
		Release|Any CPU = Release|Any CPU
	EndGlobalSection
	GlobalSection(ProjectConfigurationPlatforms) = postSolution
		{1253D396-2707-4927-AF07-3C76D8B6F96A}.Debug|Any CPU.ActiveCfg = Debug|Any CPU
		{1253D396-2707-4927-AF07-3C76D8B6F96A}.Debug|Any CPU.Build.0 = Debug|Any CPU
		{1253D396-2707-4927-AF07-3C76D8B6F96A}.Release|Any CPU.ActiveCfg = Release|Any CPU
		{1253D396-2707-4927-AF07-3C76D8B6F96A}.Release|Any CPU.Build.0 = Release|Any CPU
	EndGlobalSection
	GlobalSection(SolutionProperties) = preSolution
		HideSolutionNode = FALSE
	EndGlobalSection
	GlobalSection(ExtensibilityGlobals) = postSolution
		SolutionGuid = {5CBC4595-102D-4809-92CF-2A537A6B9A48}
	EndGlobalSection
EndGlobal
